
Microsoft Visual Studio Solution File, Format Version 12.00
# Visual Studio Version 17
VisualStudioVersion = 17.8.34316.72
MinimumVisualStudioVersion = 10.0.40219.1
Project("{FAE04EC0-301F-11D3-BF4B-00C04F79EFBC}") = "CajeroATM", "CajeroATM.csproj", "{CC8C9F61-004F-4534-B220-FA2952AFA9BA}"
EndProject
Global
	GlobalSection(SolutionConfigurationPlatforms) = preSolution
		Debug|Any CPU = Debug|Any CPU
		Release|Any CPU = Release|Any CPU
	EndGlobalSection
	GlobalSection(ProjectConfigurationPlatforms) = postSolution
		{CC8C9F61-004F-4534-B220-FA2952AFA9BA}.Debug|Any CPU.ActiveCfg = Debug|Any CPU
		{CC8C9F61-004F-4534-B220-FA2952AFA9BA}.Debug|Any CPU.Build.0 = Debug|Any CPU
		{CC8C9F61-004F-4534-B220-FA2952AFA9BA}.Release|Any CPU.ActiveCfg = Release|Any CPU
		{CC8C9F61-004F-4534-B220-FA2952AFA9BA}.Release|Any CPU.Build.0 = Release|Any CPU
	EndGlobalSection
	GlobalSection(SolutionProperties) = preSolution
		HideSolutionNode = FALSE
	EndGlobalSection
	GlobalSection(ExtensibilityGlobals) = postSolution
		SolutionGuid = {B6BB03D6-F577-4DC1-96D2-F1E943B40991}
	EndGlobalSection
EndGlobal
